
Microsoft Visual Studio Solution File, Format Version 12.00
# Visual Studio Version 17
VisualStudioVersion = 17.7.34031.279
MinimumVisualStudioVersion = 10.0.40219.1
Project("{FAE04EC0-301F-11D3-BF4B-00C04F79EFBC}") = "ACEITAR CANDIDATURAS", "ACEITAR CANDIDATURAS\ACEITAR CANDIDATURAS.csproj", "{5B96AF5B-A235-4109-8A73-84E04E6E78A8}"
EndProject
Global
	GlobalSection(SolutionConfigurationPlatforms) = preSolution
		Debug|Any CPU = Debug|Any CPU
		Release|Any CPU = Release|Any CPU
	EndGlobalSection
	GlobalSection(ProjectConfigurationPlatforms) = postSolution
		{5B96AF5B-A235-4109-8A73-84E04E6E78A8}.Debug|Any CPU.ActiveCfg = Debug|Any CPU
		{5B96AF5B-A235-4109-8A73-84E04E6E78A8}.Debug|Any CPU.Build.0 = Debug|Any CPU
		{5B96AF5B-A235-4109-8A73-84E04E6E78A8}.Release|Any CPU.ActiveCfg = Release|Any CPU
		{5B96AF5B-A235-4109-8A73-84E04E6E78A8}.Release|Any CPU.Build.0 = Release|Any CPU
	EndGlobalSection
	GlobalSection(SolutionProperties) = preSolution
		HideSolutionNode = FALSE
	EndGlobalSection
	GlobalSection(ExtensibilityGlobals) = postSolution
		SolutionGuid = {F2D14078-B1EF-4B16-8034-097EDA1A2C98}
	EndGlobalSection
EndGlobal
