
Microsoft Visual Studio Solution File, Format Version 12.00
# Visual Studio Version 17
VisualStudioVersion = 17.7.34031.279
MinimumVisualStudioVersion = 10.0.40219.1
Project("{FAE04EC0-301F-11D3-BF4B-00C04F79EFBC}") = "ACEITAR PEDIDOS VISITAS", "ACEITAR PEDIDOS VISITAS\ACEITAR PEDIDOS VISITAS.csproj", "{631BFA3D-1E3F-4042-B987-88BDC6FF81BC}"
EndProject
Global
	GlobalSection(SolutionConfigurationPlatforms) = preSolution
		Debug|Any CPU = Debug|Any CPU
		Release|Any CPU = Release|Any CPU
	EndGlobalSection
	GlobalSection(ProjectConfigurationPlatforms) = postSolution
		{631BFA3D-1E3F-4042-B987-88BDC6FF81BC}.Debug|Any CPU.ActiveCfg = Debug|Any CPU
		{631BFA3D-1E3F-4042-B987-88BDC6FF81BC}.Debug|Any CPU.Build.0 = Debug|Any CPU
		{631BFA3D-1E3F-4042-B987-88BDC6FF81BC}.Release|Any CPU.ActiveCfg = Release|Any CPU
		{631BFA3D-1E3F-4042-B987-88BDC6FF81BC}.Release|Any CPU.Build.0 = Release|Any CPU
	EndGlobalSection
	GlobalSection(SolutionProperties) = preSolution
		HideSolutionNode = FALSE
	EndGlobalSection
	GlobalSection(ExtensibilityGlobals) = postSolution
		SolutionGuid = {F33D0884-1FFF-47B1-9E20-2C6A47E4F224}
	EndGlobalSection
EndGlobal
